
Microsoft Visual Studio Solution File, Format Version 12.00
# Visual Studio Version 17
VisualStudioVersion = 17.7.34221.43
MinimumVisualStudioVersion = 10.0.40219.1
Project("{8BC9CEB8-8B4A-11D0-8D11-00A0C91BC942}") = "unique_lock,共享锁和递归锁", "unique_lock,共享锁和递归锁.vcxproj", "{B6166CCE-1730-4B07-B428-BDFED4F30FD9}"
EndProject
Global
	GlobalSection(SolutionConfigurationPlatforms) = preSolution
		Debug|x64 = Debug|x64
		Debug|x86 = Debug|x86
		Release|x64 = Release|x64
		Release|x86 = Release|x86
	EndGlobalSection
	GlobalSection(ProjectConfigurationPlatforms) = postSolution
		{B6166CCE-1730-4B07-B428-BDFED4F30FD9}.Debug|x64.ActiveCfg = Debug|x64
		{B6166CCE-1730-4B07-B428-BDFED4F30FD9}.Debug|x64.Build.0 = Debug|x64
		{B6166CCE-1730-4B07-B428-BDFED4F30FD9}.Debug|x86.ActiveCfg = Debug|Win32
		{B6166CCE-1730-4B07-B428-BDFED4F30FD9}.Debug|x86.Build.0 = Debug|Win32
		{B6166CCE-1730-4B07-B428-BDFED4F30FD9}.Release|x64.ActiveCfg = Release|x64
		{B6166CCE-1730-4B07-B428-BDFED4F30FD9}.Release|x64.Build.0 = Release|x64
		{B6166CCE-1730-4B07-B428-BDFED4F30FD9}.Release|x86.ActiveCfg = Release|Win32
		{B6166CCE-1730-4B07-B428-BDFED4F30FD9}.Release|x86.Build.0 = Release|Win32
	EndGlobalSection
	GlobalSection(SolutionProperties) = preSolution
		HideSolutionNode = FALSE
	EndGlobalSection
	GlobalSection(ExtensibilityGlobals) = postSolution
		SolutionGuid = {074B23B2-5F2C-41E9-A017-4E4995B88AEF}
	EndGlobalSection
EndGlobal
